
Microsoft Visual Studio Solution File, Format Version 12.00
# Visual Studio Version 17
VisualStudioVersion = 17.13.35828.75 d17.13
MinimumVisualStudioVersion = 10.0.40219.1
Project("{FAE04EC0-301F-11D3-BF4B-00C04F79EFBC}") = "LoyaltyAPI", "LoyaltyAPI\LoyaltyAPI.csproj", "{F6999DD6-F231-463F-8189-EC7AB2F19B96}"
EndProject
Global
	GlobalSection(SolutionConfigurationPlatforms) = preSolution
		Debug|Any CPU = Debug|Any CPU
		Release|Any CPU = Release|Any CPU
	EndGlobalSection
	GlobalSection(ProjectConfigurationPlatforms) = postSolution
		{F6999DD6-F231-463F-8189-EC7AB2F19B96}.Debug|Any CPU.ActiveCfg = Debug|Any CPU
		{F6999DD6-F231-463F-8189-EC7AB2F19B96}.Debug|Any CPU.Build.0 = Debug|Any CPU
		{F6999DD6-F231-463F-8189-EC7AB2F19B96}.Release|Any CPU.ActiveCfg = Release|Any CPU
		{F6999DD6-F231-463F-8189-EC7AB2F19B96}.Release|Any CPU.Build.0 = Release|Any CPU
	EndGlobalSection
	GlobalSection(SolutionProperties) = preSolution
		HideSolutionNode = FALSE
	EndGlobalSection
	GlobalSection(ExtensibilityGlobals) = postSolution
		SolutionGuid = {A1D8A13D-317E-4DEE-9DD7-6541ECE533FD}
	EndGlobalSection
EndGlobal
